
Microsoft Visual Studio Solution File, Format Version 12.00
# Visual Studio Version 17
VisualStudioVersion = 17.5.33530.505
MinimumVisualStudioVersion = 10.0.40219.1
Project("{FAE04EC0-301F-11D3-BF4B-00C04F79EFBC}") = "Proyecto1", "Proyecto1\Proyecto1.csproj", "{20715F98-7CBF-48F2-A01E-E4A206BD6FED}"
EndProject
Global
	GlobalSection(SolutionConfigurationPlatforms) = preSolution
		Debug|Any CPU = Debug|Any CPU
		Release|Any CPU = Release|Any CPU
	EndGlobalSection
	GlobalSection(ProjectConfigurationPlatforms) = postSolution
		{20715F98-7CBF-48F2-A01E-E4A206BD6FED}.Debug|Any CPU.ActiveCfg = Debug|Any CPU
		{20715F98-7CBF-48F2-A01E-E4A206BD6FED}.Debug|Any CPU.Build.0 = Debug|Any CPU
		{20715F98-7CBF-48F2-A01E-E4A206BD6FED}.Release|Any CPU.ActiveCfg = Release|Any CPU
		{20715F98-7CBF-48F2-A01E-E4A206BD6FED}.Release|Any CPU.Build.0 = Release|Any CPU
	EndGlobalSection
	GlobalSection(SolutionProperties) = preSolution
		HideSolutionNode = FALSE
	EndGlobalSection
	GlobalSection(ExtensibilityGlobals) = postSolution
		SolutionGuid = {E5A20A4C-F526-49B1-A941-357E5CD44DFA}
	EndGlobalSection
EndGlobal
